// !$*UTF8*$!
{
	archiveVersion = 1;
	classes = {
	};
	objectVersion = 48;
	objects = {

/* Begin PBXBuildFile section */
		4D1641A5E3C3861EA31C870A /* Pods_MyCognitoTestUITests.framework in Frameworks */ = {isa = PBXBuildFile; fileRef = 5B9A18C079A461551A08EC77 /* Pods_MyCognitoTestUITests.framework */; };
		6B2018AE1FCA274C00CC297A /* AppDelegate.swift in Sources */ = {isa = PBXBuildFile; fileRef = 6B2018AD1FCA274C00CC297A /* AppDelegate.swift */; };
		6B2018B01FCA274D00CC297A /* ViewController.swift in Sources */ = {isa = PBXBuildFile; fileRef = 6B2018AF1FCA274D00CC297A /* ViewController.swift */; };
		6B2018B31FCA274D00CC297A /* Main.storyboard in Resources */ = {isa = PBXBuildFile; fileRef = 6B2018B11FCA274D00CC297A /* Main.storyboard */; };
		6B2018B51FCA274D00CC297A /* Assets.xcassets in Resources */ = {isa = PBXBuildFile; fileRef = 6B2018B41FCA274D00CC297A /* Assets.xcassets */; };
		6B2018B81FCA274D00CC297A /* LaunchScreen.storyboard in Resources */ = {isa = PBXBuildFile; fileRef = 6B2018B61FCA274D00CC297A /* LaunchScreen.storyboard */; };
		6B2018C31FCA274D00CC297A /* MyCognitoTestTests.swift in Sources */ = {isa = PBXBuildFile; fileRef = 6B2018C21FCA274D00CC297A /* MyCognitoTestTests.swift */; };
		6B2018CE1FCA274D00CC297A /* MyCognitoTestUITests.swift in Sources */ = {isa = PBXBuildFile; fileRef = 6B2018CD1FCA274D00CC297A /* MyCognitoTestUITests.swift */; };
		6B2018E81FCA2F3500CC297A /* awsconfiguration.json in Resources */ = {isa = PBXBuildFile; fileRef = 6B2018E71FCA2F3500CC297A /* awsconfiguration.json */; };
		6B2018E91FCA2F3500CC297A /* awsconfiguration.json in Resources */ = {isa = PBXBuildFile; fileRef = 6B2018E71FCA2F3500CC297A /* awsconfiguration.json */; };
		6B2018EA1FCA2F3500CC297A /* awsconfiguration.json in Resources */ = {isa = PBXBuildFile; fileRef = 6B2018E71FCA2F3500CC297A /* awsconfiguration.json */; };
		7108BB6E0D47389CF7459BEE /* Pods_MyCognitoTest.framework in Frameworks */ = {isa = PBXBuildFile; fileRef = 2D99A0B6C9374C7CFFC78C28 /* Pods_MyCognitoTest.framework */; };
		C8CE463758CDE220D02D34C1 /* Pods_MyCognitoTestTests.framework in Frameworks */ = {isa = PBXBuildFile; fileRef = C18FA7BC63AE7480641160A0 /* Pods_MyCognitoTestTests.framework */; };
/* End PBXBuildFile section */

/* Begin PBXContainerItemProxy section */
		6B2018BF1FCA274D00CC297A /* PBXContainerItemProxy */ = {
			isa = PBXContainerItemProxy;
			containerPortal = 6B2018A21FCA274C00CC297A /* Project object */;
			proxyType = 1;
			remoteGlobalIDString = 6B2018A91FCA274C00CC297A;
			remoteInfo = MyCognitoTest;
		};
		6B2018CA1FCA274D00CC297A /* PBXContainerItemProxy */ = {
			isa = PBXContainerItemProxy;
			containerPortal = 6B2018A21FCA274C00CC297A /* Project object */;
			proxyType = 1;
			remoteGlobalIDString = 6B2018A91FCA274C00CC297A;
			remoteInfo = MyCognitoTest;
		};
/* End PBXContainerItemProxy section */

/* Begin PBXFileReference section */
		1348BCBCB79FB9B07067FB0F /* Pods-MyCognitoTest.debug.xcconfig */ = {isa = PBXFileReference; includeInIndex = 1; lastKnownFileType = text.xcconfig; name = "Pods-MyCognitoTest.debug.xcconfig"; path = "Pods/Target Support Files/Pods-MyCognitoTest/Pods-MyCognitoTest.debug.xcconfig"; sourceTree = "<group>"; };
		16D9755483445A9F99E67398 /* Pods-MyCognitoTestTests.debug.xcconfig */ = {isa = PBXFileReference; includeInIndex = 1; lastKnownFileType = text.xcconfig; name = "Pods-MyCognitoTestTests.debug.xcconfig"; path = "Pods/Target Support Files/Pods-MyCognitoTestTests/Pods-MyCognitoTestTests.debug.xcconfig"; sourceTree = "<group>"; };
		1C71ED17EFD240042DAA10C1 /* Pods-MyCognitoTest.release.xcconfig */ = {isa = PBXFileReference; includeInIndex = 1; lastKnownFileType = text.xcconfig; name = "Pods-MyCognitoTest.release.xcconfig"; path = "Pods/Target Support Files/Pods-MyCognitoTest/Pods-MyCognitoTest.release.xcconfig"; sourceTree = "<group>"; };
		2D99A0B6C9374C7CFFC78C28 /* Pods_MyCognitoTest.framework */ = {isa = PBXFileReference; explicitFileType = wrapper.framework; includeInIndex = 0; path = Pods_MyCognitoTest.framework; sourceTree = BUILT_PRODUCTS_DIR; };
		5B9A18C079A461551A08EC77 /* Pods_MyCognitoTestUITests.framework */ = {isa = PBXFileReference; explicitFileType = wrapper.framework; includeInIndex = 0; path = Pods_MyCognitoTestUITests.framework; sourceTree = BUILT_PRODUCTS_DIR; };
		6B2018AA1FCA274C00CC297A /* MyCognitoTest.app */ = {isa = PBXFileReference; explicitFileType = wrapper.application; includeInIndex = 0; path = MyCognitoTest.app; sourceTree = BUILT_PRODUCTS_DIR; };
		6B2018AD1FCA274C00CC297A /* AppDelegate.swift */ = {isa = PBXFileReference; lastKnownFileType = sourcecode.swift; path = AppDelegate.swift; sourceTree = "<group>"; };
		6B2018AF1FCA274D00CC297A /* ViewController.swift */ = {isa = PBXFileReference; lastKnownFileType = sourcecode.swift; path = ViewController.swift; sourceTree = "<group>"; };
		6B2018B21FCA274D00CC297A /* Base */ = {isa = PBXFileReference; lastKnownFileType = file.storyboard; name = Base; path = Base.lproj/Main.storyboard; sourceTree = "<group>"; };
		6B2018B41FCA274D00CC297A /* Assets.xcassets */ = {isa = PBXFileReference; lastKnownFileType = folder.assetcatalog; path = Assets.xcassets; sourceTree = "<group>"; };
		6B2018B71FCA274D00CC297A /* Base */ = {isa = PBXFileReference; lastKnownFileType = file.storyboard; name = Base; path = Base.lproj/LaunchScreen.storyboard; sourceTree = "<group>"; };
		6B2018B91FCA274D00CC297A /* Info.plist */ = {isa = PBXFileReference; lastKnownFileType = text.plist.xml; path = Info.plist; sourceTree = "<group>"; };
		6B2018BE1FCA274D00CC297A /* MyCognitoTestTests.xctest */ = {isa = PBXFileReference; explicitFileType = wrapper.cfbundle; includeInIndex = 0; path = MyCognitoTestTests.xctest; sourceTree = BUILT_PRODUCTS_DIR; };
		6B2018C21FCA274D00CC297A /* MyCognitoTestTests.swift */ = {isa = PBXFileReference; lastKnownFileType = sourcecode.swift; path = MyCognitoTestTests.swift; sourceTree = "<group>"; };
		6B2018C41FCA274D00CC297A /* Info.plist */ = {isa = PBXFileReference; lastKnownFileType = text.plist.xml; path = Info.plist; sourceTree = "<group>"; };
		6B2018C91FCA274D00CC297A /* MyCognitoTestUITests.xctest */ = {isa = PBXFileReference; explicitFileType = wrapper.cfbundle; includeInIndex = 0; path = MyCognitoTestUITests.xctest; sourceTree = BUILT_PRODUCTS_DIR; };
		6B2018CD1FCA274D00CC297A /* MyCognitoTestUITests.swift */ = {isa = PBXFileReference; lastKnownFileType = sourcecode.swift; path = MyCognitoTestUITests.swift; sourceTree = "<group>"; };
		6B2018CF1FCA274D00CC297A /* Info.plist */ = {isa = PBXFileReference; lastKnownFileType = text.plist.xml; path = Info.plist; sourceTree = "<group>"; };
		6B2018E71FCA2F3500CC297A /* awsconfiguration.json */ = {isa = PBXFileReference; fileEncoding = 4; lastKnownFileType = text.json; path = awsconfiguration.json; sourceTree = "<group>"; };
		9BB1B273D2E0B36F19A41370 /* Pods-MyCognitoTestUITests.release.xcconfig */ = {isa = PBXFileReference; includeInIndex = 1; lastKnownFileType = text.xcconfig; name = "Pods-MyCognitoTestUITests.release.xcconfig"; path = "Pods/Target Support Files/Pods-MyCognitoTestUITests/Pods-MyCognitoTestUITests.release.xcconfig"; sourceTree = "<group>"; };
		C18FA7BC63AE7480641160A0 /* Pods_MyCognitoTestTests.framework */ = {isa = PBXFileReference; explicitFileType = wrapper.framework; includeInIndex = 0; path = Pods_MyCognitoTestTests.framework; sourceTree = BUILT_PRODUCTS_DIR; };
		C22E38DD2909FC645F8688FC /* Pods-MyCognitoTestTests.release.xcconfig */ = {isa = PBXFileReference; includeInIndex = 1; lastKnownFileType = text.xcconfig; name = "Pods-MyCognitoTestTests.release.xcconfig"; path = "Pods/Target Support Files/Pods-MyCognitoTestTests/Pods-MyCognitoTestTests.release.xcconfig"; sourceTree = "<group>"; };
		EE3388BE135EB1F4AED94165 /* Pods-MyCognitoTestUITests.debug.xcconfig */ = {isa = PBXFileReference; includeInIndex = 1; lastKnownFileType = text.xcconfig; name = "Pods-MyCognitoTestUITests.debug.xcconfig"; path = "Pods/Target Support Files/Pods-MyCognitoTestUITests/Pods-MyCognitoTestUITests.debug.xcconfig"; sourceTree = "<group>"; };
/* End PBXFileReference section */

/* Begin PBXFrameworksBuildPhase section */
		6B2018A71FCA274C00CC297A /* Frameworks */ = {
			isa = PBXFrameworksBuildPhase;
			buildActionMask = 2147483647;
			files = (
				7108BB6E0D47389CF7459BEE /* Pods_MyCognitoTest.framework in Frameworks */,
			);
			runOnlyForDeploymentPostprocessing = 0;
		};
		6B2018BB1FCA274D00CC297A /* Frameworks */ = {
			isa = PBXFrameworksBuildPhase;
			buildActionMask = 2147483647;
			files = (
				C8CE463758CDE220D02D34C1 /* Pods_MyCognitoTestTests.framework in Frameworks */,
			);
			runOnlyForDeploymentPostprocessing = 0;
		};
		6B2018C61FCA274D00CC297A /* Frameworks */ = {
			isa = PBXFrameworksBuildPhase;
			buildActionMask = 2147483647;
			files = (
				4D1641A5E3C3861EA31C870A /* Pods_MyCognitoTestUITests.framework in Frameworks */,
			);
			runOnlyForDeploymentPostprocessing = 0;
		};
/* End PBXFrameworksBuildPhase section */

/* Begin PBXGroup section */
		1CA9EC6408E221E81B370B4B /* Pods */ = {
			isa = PBXGroup;
			children = (
				1348BCBCB79FB9B07067FB0F /* Pods-MyCognitoTest.debug.xcconfig */,
				1C71ED17EFD240042DAA10C1 /* Pods-MyCognitoTest.release.xcconfig */,
				16D9755483445A9F99E67398 /* Pods-MyCognitoTestTests.debug.xcconfig */,
				C22E38DD2909FC645F8688FC /* Pods-MyCognitoTestTests.release.xcconfig */,
				EE3388BE135EB1F4AED94165 /* Pods-MyCognitoTestUITests.debug.xcconfig */,
				9BB1B273D2E0B36F19A41370 /* Pods-MyCognitoTestUITests.release.xcconfig */,
			);
			name = Pods;
			sourceTree = "<group>";
		};
		549FA3662535057CD9874503 /* Frameworks */ = {
			isa = PBXGroup;
			children = (
				2D99A0B6C9374C7CFFC78C28 /* Pods_MyCognitoTest.framework */,
				C18FA7BC63AE7480641160A0 /* Pods_MyCognitoTestTests.framework */,
				5B9A18C079A461551A08EC77 /* Pods_MyCognitoTestUITests.framework */,
			);
			name = Frameworks;
			sourceTree = "<group>";
		};
		6B2018A11FCA274C00CC297A = {
			isa = PBXGroup;
			children = (
				6B2018AC1FCA274C00CC297A /* MyCognitoTest */,
				6B2018C11FCA274D00CC297A /* MyCognitoTestTests */,
				6B2018CC1FCA274D00CC297A /* MyCognitoTestUITests */,
				6B2018AB1FCA274C00CC297A /* Products */,
				1CA9EC6408E221E81B370B4B /* Pods */,
				549FA3662535057CD9874503 /* Frameworks */,
			);
			sourceTree = "<group>";
		};
		6B2018AB1FCA274C00CC297A /* Products */ = {
			isa = PBXGroup;
			children = (
				6B2018AA1FCA274C00CC297A /* MyCognitoTest.app */,
				6B2018BE1FCA274D00CC297A /* MyCognitoTestTests.xctest */,
				6B2018C91FCA274D00CC297A /* MyCognitoTestUITests.xctest */,
			);
			name = Products;
			sourceTree = "<group>";
		};
		6B2018AC1FCA274C00CC297A /* MyCognitoTest */ = {
			isa = PBXGroup;
			children = (
				6B2018AD1FCA274C00CC297A /* AppDelegate.swift */,
				6B2018AF1FCA274D00CC297A /* ViewController.swift */,
				6B2018B11FCA274D00CC297A /* Main.storyboard */,
				6B2018B41FCA274D00CC297A /* Assets.xcassets */,
				6B2018B61FCA274D00CC297A /* LaunchScreen.storyboard */,
				6B2018B91FCA274D00CC297A /* Info.plist */,
			);
			path = MyCognitoTest;
			sourceTree = "<group>";
		};
		6B2018C11FCA274D00CC297A /* MyCognitoTestTests */ = {
			isa = PBXGroup;
			children = (
				6B2018C21FCA274D00CC297A /* MyCognitoTestTests.swift */,
				6B2018C41FCA274D00CC297A /* Info.plist */,
				6B2018E71FCA2F3500CC297A /* awsconfiguration.json */,
			);
			path = MyCognitoTestTests;
			sourceTree = "<group>";
		};
		6B2018CC1FCA274D00CC297A /* MyCognitoTestUITests */ = {
			isa = PBXGroup;
			children = (
				6B2018CD1FCA274D00CC297A /* MyCognitoTestUITests.swift */,
				6B2018CF1FCA274D00CC297A /* Info.plist */,
			);
			path = MyCognitoTestUITests;
			sourceTree = "<group>";
		};
/* End PBXGroup section */

/* Begin PBXNativeTarget section */
		6B2018A91FCA274C00CC297A /* MyCognitoTest */ = {
			isa = PBXNativeTarget;
			buildConfigurationList = 6B2018D21FCA274D00CC297A /* Build configuration list for PBXNativeTarget "MyCognitoTest" */;
			buildPhases = (
				06D92BDFEF044628F3A75E3B /* [CP] Check Pods Manifest.lock */,
				6B2018A61FCA274C00CC297A /* Sources */,
				6B2018A71FCA274C00CC297A /* Frameworks */,
				6B2018A81FCA274C00CC297A /* Resources */,
				70B87616FD7812C3892D9295 /* [CP] Embed Pods Frameworks */,
				E4C59047B4179B06B8168EDF /* [CP] Copy Pods Resources */,
			);
			buildRules = (
			);
			dependencies = (
			);
			name = MyCognitoTest;
			productName = MyCognitoTest;
			productReference = 6B2018AA1FCA274C00CC297A /* MyCognitoTest.app */;
			productType = "com.apple.product-type.application";
		};
		6B2018BD1FCA274D00CC297A /* MyCognitoTestTests */ = {
			isa = PBXNativeTarget;
			buildConfigurationList = 6B2018D51FCA274D00CC297A /* Build configuration list for PBXNativeTarget "MyCognitoTestTests" */;
			buildPhases = (
				9F665C0F35F12B2F6F3AB88E /* [CP] Check Pods Manifest.lock */,
				6B2018BA1FCA274D00CC297A /* Sources */,
				6B2018BB1FCA274D00CC297A /* Frameworks */,
				6B2018BC1FCA274D00CC297A /* Resources */,
				C36C5A2DE1370C06B2EE7848 /* [CP] Embed Pods Frameworks */,
				83AF874FF326E7721D6B7DA5 /* [CP] Copy Pods Resources */,
			);
			buildRules = (
			);
			dependencies = (
				6B2018C01FCA274D00CC297A /* PBXTargetDependency */,
			);
			name = MyCognitoTestTests;
			productName = MyCognitoTestTests;
			productReference = 6B2018BE1FCA274D00CC297A /* MyCognitoTestTests.xctest */;
			productType = "com.apple.product-type.bundle.unit-test";
		};
		6B2018C81FCA274D00CC297A /* MyCognitoTestUITests */ = {
			isa = PBXNativeTarget;
			buildConfigurationList = 6B2018D81FCA274D00CC297A /* Build configuration list for PBXNativeTarget "MyCognitoTestUITests" */;
			buildPhases = (
				08980005C978DB0A4A3F7F39 /* [CP] Check Pods Manifest.lock */,
				6B2018C51FCA274D00CC297A /* Sources */,
				6B2018C61FCA274D00CC297A /* Frameworks */,
				6B2018C71FCA274D00CC297A /* Resources */,
				5D1D8C48C694F5934B04F42B /* [CP] Embed Pods Frameworks */,
				6E4D59BF77883A398D060DE1 /* [CP] Copy Pods Resources */,
			);
			buildRules = (
			);
			dependencies = (
				6B2018CB1FCA274D00CC297A /* PBXTargetDependency */,
			);
			name = MyCognitoTestUITests;
			productName = MyCognitoTestUITests;
			productReference = 6B2018C91FCA274D00CC297A /* MyCognitoTestUITests.xctest */;
			productType = "com.apple.product-type.bundle.ui-testing";
		};
/* End PBXNativeTarget section */

/* Begin PBXProject section */
		6B2018A21FCA274C00CC297A /* Project object */ = {
			isa = PBXProject;
			attributes = {
				LastSwiftUpdateCheck = 0910;
				LastUpgradeCheck = 0910;
				ORGANIZATIONNAME = "Mark Harriss";
				TargetAttributes = {
					6B2018A91FCA274C00CC297A = {
						CreatedOnToolsVersion = 9.1;
						ProvisioningStyle = Automatic;
					};
					6B2018BD1FCA274D00CC297A = {
						CreatedOnToolsVersion = 9.1;
						ProvisioningStyle = Automatic;
						TestTargetID = 6B2018A91FCA274C00CC297A;
					};
					6B2018C81FCA274D00CC297A = {
						CreatedOnToolsVersion = 9.1;
						ProvisioningStyle = Automatic;
						TestTargetID = 6B2018A91FCA274C00CC297A;
					};
				};
			};
			buildConfigurationList = 6B2018A51FCA274C00CC297A /* Build configuration list for PBXProject "MyCognitoTest" */;
			compatibilityVersion = "Xcode 8.0";
			developmentRegion = en;
			hasScannedForEncodings = 0;
			knownRegions = (
				en,
				Base,
			);
			mainGroup = 6B2018A11FCA274C00CC297A;
			productRefGroup = 6B2018AB1FCA274C00CC297A /* Products */;
			projectDirPath = "";
			projectRoot = "";
			targets = (
				6B2018A91FCA274C00CC297A /* MyCognitoTest */,
				6B2018BD1FCA274D00CC297A /* MyCognitoTestTests */,
				6B2018C81FCA274D00CC297A /* MyCognitoTestUITests */,
			);
		};
/* End PBXProject section */

/* Begin PBXResourcesBuildPhase section */
		6B2018A81FCA274C00CC297A /* Resources */ = {
			isa = PBXResourcesBuildPhase;
			buildActionMask = 2147483647;
			files = (
				6B2018E81FCA2F3500CC297A /* awsconfiguration.json in Resources */,
				6B2018B81FCA274D00CC297A /* LaunchScreen.storyboard in Resources */,
				6B2018B51FCA274D00CC297A /* Assets.xcassets in Resources */,
				6B2018B31FCA274D00CC297A /* Main.storyboard in Resources */,
			);
			runOnlyForDeploymentPostprocessing = 0;
		};
		6B2018BC1FCA274D00CC297A /* Resources */ = {
			isa = PBXResourcesBuildPhase;
			buildActionMask = 2147483647;
			files = (
				6B2018E91FCA2F3500CC297A /* awsconfiguration.json in Resources */,
			);
			runOnlyForDeploymentPostprocessing = 0;
		};
		6B2018C71FCA274D00CC297A /* Resources */ = {
			isa = PBXResourcesBuildPhase;
			buildActionMask = 2147483647;
			files = (
				6B2018EA1FCA2F3500CC297A /* awsconfiguration.json in Resources */,
			);
			runOnlyForDeploymentPostprocessing = 0;
		};
/* End PBXResourcesBuildPhase section */

/* Begin PBXShellScriptBuildPhase section */
		06D92BDFEF044628F3A75E3B /* [CP] Check Pods Manifest.lock */ = {
			isa = PBXShellScriptBuildPhase;
			buildActionMask = 2147483647;
			files = (
			);
			inputPaths = (
				"${PODS_PODFILE_DIR_PATH}/Podfile.lock",
				"${PODS_ROOT}/Manifest.lock",
			);
			name = "[CP] Check Pods Manifest.lock";
			outputPaths = (
				"$(DERIVED_FILE_DIR)/Pods-MyCognitoTest-checkManifestLockResult.txt",
			);
			runOnlyForDeploymentPostprocessing = 0;
			shellPath = /bin/sh;
			shellScript = "diff \"${PODS_PODFILE_DIR_PATH}/Podfile.lock\" \"${PODS_ROOT}/Manifest.lock\" > /dev/null\nif [ $? != 0 ] ; then\n    # print error to STDERR\n    echo \"error: The sandbox is not in sync with the Podfile.lock. Run 'pod install' or update your CocoaPods installation.\" >&2\n    exit 1\nfi\n# This output is used by Xcode 'outputs' to avoid re-running this script phase.\necho \"SUCCESS\" > \"${SCRIPT_OUTPUT_FILE_0}\"\n";
			showEnvVarsInLog = 0;
		};
		08980005C978DB0A4A3F7F39 /* [CP] Check Pods Manifest.lock */ = {
			isa = PBXShellScriptBuildPhase;
			buildActionMask = 2147483647;
			files = (
			);
			inputPaths = (
				"${PODS_PODFILE_DIR_PATH}/Podfile.lock",
				"${PODS_ROOT}/Manifest.lock",
			);
			name = "[CP] Check Pods Manifest.lock";
			outputPaths = (
				"$(DERIVED_FILE_DIR)/Pods-MyCognitoTestUITests-checkManifestLockResult.txt",
			);
			runOnlyForDeploymentPostprocessing = 0;
			shellPath = /bin/sh;
			shellScript = "diff \"${PODS_PODFILE_DIR_PATH}/Podfile.lock\" \"${PODS_ROOT}/Manifest.lock\" > /dev/null\nif [ $? != 0 ] ; then\n    # print error to STDERR\n    echo \"error: The sandbox is not in sync with the Podfile.lock. Run 'pod install' or update your CocoaPods installation.\" >&2\n    exit 1\nfi\n# This output is used by Xcode 'outputs' to avoid re-running this script phase.\necho \"SUCCESS\" > \"${SCRIPT_OUTPUT_FILE_0}\"\n";
			showEnvVarsInLog = 0;
		};
		5D1D8C48C694F5934B04F42B /* [CP] Embed Pods Frameworks */ = {
			isa = PBXShellScriptBuildPhase;
			buildActionMask = 2147483647;
			files = (
			);
			inputPaths = (
			);
			name = "[CP] Embed Pods Frameworks";
			outputPaths = (
			);
			runOnlyForDeploymentPostprocessing = 0;
			shellPath = /bin/sh;
			shellScript = "\"${SRCROOT}/Pods/Target Support Files/Pods-MyCognitoTestUITests/Pods-MyCognitoTestUITests-frameworks.sh\"\n";
			showEnvVarsInLog = 0;
		};
		6E4D59BF77883A398D060DE1 /* [CP] Copy Pods Resources */ = {
			isa = PBXShellScriptBuildPhase;
			buildActionMask = 2147483647;
			files = (
			);
			inputPaths = (
			);
			name = "[CP] Copy Pods Resources";
			outputPaths = (
			);
			runOnlyForDeploymentPostprocessing = 0;
			shellPath = /bin/sh;
			shellScript = "\"${SRCROOT}/Pods/Target Support Files/Pods-MyCognitoTestUITests/Pods-MyCognitoTestUITests-resources.sh\"\n";
			showEnvVarsInLog = 0;
		};
		70B87616FD7812C3892D9295 /* [CP] Embed Pods Frameworks */ = {
			isa = PBXShellScriptBuildPhase;
			buildActionMask = 2147483647;
			files = (
			);
			inputPaths = (
				"${SRCROOT}/Pods/Target Support Files/Pods-MyCognitoTest/Pods-MyCognitoTest-frameworks.sh",
				"${BUILT_PRODUCTS_DIR}/AWSAuthCore/AWSAuthCore.framework",
				"${BUILT_PRODUCTS_DIR}/AWSCore/AWSCore.framework",
				"${BUILT_PRODUCTS_DIR}/AWSMobileClient/AWSMobileClient.framework",
			);
			name = "[CP] Embed Pods Frameworks";
			outputPaths = (
				"${TARGET_BUILD_DIR}/${FRAMEWORKS_FOLDER_PATH}/AWSAuthCore.framework",
				"${TARGET_BUILD_DIR}/${FRAMEWORKS_FOLDER_PATH}/AWSCore.framework",
				"${TARGET_BUILD_DIR}/${FRAMEWORKS_FOLDER_PATH}/AWSMobileClient.framework",
			);
			runOnlyForDeploymentPostprocessing = 0;
			shellPath = /bin/sh;
			shellScript = "\"${SRCROOT}/Pods/Target Support Files/Pods-MyCognitoTest/Pods-MyCognitoTest-frameworks.sh\"\n";
			showEnvVarsInLog = 0;
		};
		83AF874FF326E7721D6B7DA5 /* [CP] Copy Pods Resources */ = {
			isa = PBXShellScriptBuildPhase;
			buildActionMask = 2147483647;
			files = (
			);
			inputPaths = (
			);
			name = "[CP] Copy Pods Resources";
			outputPaths = (
			);
			runOnlyForDeploymentPostprocessing = 0;
			shellPath = /bin/sh;
			shellScript = "\"${SRCROOT}/Pods/Target Support Files/Pods-MyCognitoTestTests/Pods-MyCognitoTestTests-resources.sh\"\n";
			showEnvVarsInLog = 0;
		};
		9F665C0F35F12B2F6F3AB88E /* [CP] Check Pods Manifest.lock */ = {
			isa = PBXShellScriptBuildPhase;
			buildActionMask = 2147483647;
			files = (
			);
			inputPaths = (
				"${PODS_PODFILE_DIR_PATH}/Podfile.lock",
				"${PODS_ROOT}/Manifest.lock",
			);
			name = "[CP] Check Pods Manifest.lock";
			outputPaths = (
				"$(DERIVED_FILE_DIR)/Pods-MyCognitoTestTests-checkManifestLockResult.txt",
			);
			runOnlyForDeploymentPostprocessing = 0;
			shellPath = /bin/sh;
			shellScript = "diff \"${PODS_PODFILE_DIR_PATH}/Podfile.lock\" \"${PODS_ROOT}/Manifest.lock\" > /dev/null\nif [ $? != 0 ] ; then\n    # print error to STDERR\n    echo \"error: The sandbox is not in sync with the Podfile.lock. Run 'pod install' or update your CocoaPods installation.\" >&2\n    exit 1\nfi\n# This output is used by Xcode 'outputs' to avoid re-running this script phase.\necho \"SUCCESS\" > \"${SCRIPT_OUTPUT_FILE_0}\"\n";
			showEnvVarsInLog = 0;
		};
		C36C5A2DE1370C06B2EE7848 /* [CP] Embed Pods Frameworks */ = {
			isa = PBXShellScriptBuildPhase;
			buildActionMask = 2147483647;
			files = (
			);
			inputPaths = (
			);
			name = "[CP] Embed Pods Frameworks";
			outputPaths = (
			);
			runOnlyForDeploymentPostprocessing = 0;
			shellPath = /bin/sh;
			shellScript = "\"${SRCROOT}/Pods/Target Support Files/Pods-MyCognitoTestTests/Pods-MyCognitoTestTests-frameworks.sh\"\n";
			showEnvVarsInLog = 0;
		};
		E4C59047B4179B06B8168EDF /* [CP] Copy Pods Resources */ = {
			isa = PBXShellScriptBuildPhase;
			buildActionMask = 2147483647;
			files = (
			);
			inputPaths = (
			);
			name = "[CP] Copy Pods Resources";
			outputPaths = (
			);
			runOnlyForDeploymentPostprocessing = 0;
			shellPath = /bin/sh;
			shellScript = "\"${SRCROOT}/Pods/Target Support Files/Pods-MyCognitoTest/Pods-MyCognitoTest-resources.sh\"\n";
			showEnvVarsInLog = 0;
		};
/* End PBXShellScriptBuildPhase section */

/* Begin PBXSourcesBuildPhase section */
		6B2018A61FCA274C00CC297A /* Sources */ = {
			isa = PBXSourcesBuildPhase;
			buildActionMask = 2147483647;
			files = (
				6B2018B01FCA274D00CC297A /* ViewController.swift in Sources */,
				6B2018AE1FCA274C00CC297A /* AppDelegate.swift in Sources */,
			);
			runOnlyForDeploymentPostprocessing = 0;
		};
		6B2018BA1FCA274D00CC297A /* Sources */ = {
			isa = PBXSourcesBuildPhase;
			buildActionMask = 2147483647;
			files = (
				6B2018C31FCA274D00CC297A /* MyCognitoTestTests.swift in Sources */,
			);
			runOnlyForDeploymentPostprocessing = 0;
		};
		6B2018C51FCA274D00CC297A /* Sources */ = {
			isa = PBXSourcesBuildPhase;
			buildActionMask = 2147483647;
			files = (
				6B2018CE1FCA274D00CC297A /* MyCognitoTestUITests.swift in Sources */,
			);
			runOnlyForDeploymentPostprocessing = 0;
		};
/* End PBXSourcesBuildPhase section */

/* Begin PBXTargetDependency section */
		6B2018C01FCA274D00CC297A /* PBXTargetDependency */ = {
			isa = PBXTargetDependency;
			target = 6B2018A91FCA274C00CC297A /* MyCognitoTest */;
			targetProxy = 6B2018BF1FCA274D00CC297A /* PBXContainerItemProxy */;
		};
		6B2018CB1FCA274D00CC297A /* PBXTargetDependency */ = {
			isa = PBXTargetDependency;
			target = 6B2018A91FCA274C00CC297A /* MyCognitoTest */;
			targetProxy = 6B2018CA1FCA274D00CC297A /* PBXContainerItemProxy */;
		};
/* End PBXTargetDependency section */

/* Begin PBXVariantGroup section */
		6B2018B11FCA274D00CC297A /* Main.storyboard */ = {
			isa = PBXVariantGroup;
			children = (
				6B2018B21FCA274D00CC297A /* Base */,
			);
			name = Main.storyboard;
			sourceTree = "<group>";
		};
		6B2018B61FCA274D00CC297A /* LaunchScreen.storyboard */ = {
			isa = PBXVariantGroup;
			children = (
				6B2018B71FCA274D00CC297A /* Base */,
			);
			name = LaunchScreen.storyboard;
			sourceTree = "<group>";
		};
/* End PBXVariantGroup section */

/* Begin XCBuildConfiguration section */
		6B2018D01FCA274D00CC297A /* Debug */ = {
			isa = XCBuildConfiguration;
			buildSettings = {
				ALWAYS_SEARCH_USER_PATHS = NO;
				CLANG_ANALYZER_NONNULL = YES;
				CLANG_ANALYZER_NUMBER_OBJECT_CONVERSION = YES_AGGRESSIVE;
				CLANG_CXX_LANGUAGE_STANDARD = "gnu++14";
				CLANG_CXX_LIBRARY = "libc++";
				CLANG_ENABLE_MODULES = YES;
				CLANG_ENABLE_OBJC_ARC = YES;
				CLANG_WARN_BLOCK_CAPTURE_AUTORELEASING = YES;
				CLANG_WARN_BOOL_CONVERSION = YES;
				CLANG_WARN_COMMA = YES;
				CLANG_WARN_CONSTANT_CONVERSION = YES;
				CLANG_WARN_DIRECT_OBJC_ISA_USAGE = YES_ERROR;
				CLANG_WARN_DOCUMENTATION_COMMENTS = YES;
				CLANG_WARN_EMPTY_BODY = YES;
				CLANG_WARN_ENUM_CONVERSION = YES;
				CLANG_WARN_INFINITE_RECURSION = YES;
				CLANG_WARN_INT_CONVERSION = YES;
				CLANG_WARN_NON_LITERAL_NULL_CONVERSION = YES;
				CLANG_WARN_OBJC_LITERAL_CONVERSION = YES;
				CLANG_WARN_OBJC_ROOT_CLASS = YES_ERROR;
				CLANG_WARN_RANGE_LOOP_ANALYSIS = YES;
				CLANG_WARN_STRICT_PROTOTYPES = YES;
				CLANG_WARN_SUSPICIOUS_MOVE = YES;
				CLANG_WARN_UNGUARDED_AVAILABILITY = YES_AGGRESSIVE;
				CLANG_WARN_UNREACHABLE_CODE = YES;
				CLANG_WARN__DUPLICATE_METHOD_MATCH = YES;
				CODE_SIGN_IDENTITY = "iPhone Developer";
				COPY_PHASE_STRIP = NO;
				DEBUG_INFORMATION_FORMAT = dwarf;
				ENABLE_STRICT_OBJC_MSGSEND = YES;
				ENABLE_TESTABILITY = YES;
				GCC_C_LANGUAGE_STANDARD = gnu11;
				GCC_DYNAMIC_NO_PIC = NO;
				GCC_NO_COMMON_BLOCKS = YES;
				GCC_OPTIMIZATION_LEVEL = 0;
				GCC_PREPROCESSOR_DEFINITIONS = (
					"DEBUG=1",
					"$(inherited)",
				);
				GCC_WARN_64_TO_32_BIT_CONVERSION = YES;
				GCC_WARN_ABOUT_RETURN_TYPE = YES_ERROR;
				GCC_WARN_UNDECLARED_SELECTOR = YES;
				GCC_WARN_UNINITIALIZED_AUTOS = YES_AGGRESSIVE;
				GCC_WARN_UNUSED_FUNCTION = YES;
				GCC_WARN_UNUSED_VARIABLE = YES;
				IPHONEOS_DEPLOYMENT_TARGET = 11.1;
				MTL_ENABLE_DEBUG_INFO = YES;
				ONLY_ACTIVE_ARCH = YES;
				SDKROOT = iphoneos;
				SWIFT_ACTIVE_COMPILATION_CONDITIONS = DEBUG;
				SWIFT_OPTIMIZATION_LEVEL = "-Onone";
			};
			name = Debug;
		};
		6B2018D11FCA274D00CC297A /* Release */ = {
			isa = XCBuildConfiguration;
			buildSettings = {
				ALWAYS_SEARCH_USER_PATHS = NO;
				CLANG_ANALYZER_NONNULL = YES;
				CLANG_ANALYZER_NUMBER_OBJECT_CONVERSION = YES_AGGRESSIVE;
				CLANG_CXX_LANGUAGE_STANDARD = "gnu++14";
				CLANG_CXX_LIBRARY = "libc++";
				CLANG_ENABLE_MODULES = YES;
				CLANG_ENABLE_OBJC_ARC = YES;
				CLANG_WARN_BLOCK_CAPTURE_AUTORELEASING = YES;
				CLANG_WARN_BOOL_CONVERSION = YES;
				CLANG_WARN_COMMA = YES;
				CLANG_WARN_CONSTANT_CONVERSION = YES;
				CLANG_WARN_DIRECT_OBJC_ISA_USAGE = YES_ERROR;
				CLANG_WARN_DOCUMENTATION_COMMENTS = YES;
				CLANG_WARN_EMPTY_BODY = YES;
				CLANG_WARN_ENUM_CONVERSION = YES;
				CLANG_WARN_INFINITE_RECURSION = YES;
				CLANG_WARN_INT_CONVERSION = YES;
				CLANG_WARN_NON_LITERAL_NULL_CONVERSION = YES;
				CLANG_WARN_OBJC_LITERAL_CONVERSION = YES;
				CLANG_WARN_OBJC_ROOT_CLASS = YES_ERROR;
				CLANG_WARN_RANGE_LOOP_ANALYSIS = YES;
				CLANG_WARN_STRICT_PROTOTYPES = YES;
				CLANG_WARN_SUSPICIOUS_MOVE = YES;
				CLANG_WARN_UNGUARDED_AVAILABILITY = YES_AGGRESSIVE;
				CLANG_WARN_UNREACHABLE_CODE = YES;
				CLANG_WARN__DUPLICATE_METHOD_MATCH = YES;
				CODE_SIGN_IDENTITY = "iPhone Developer";
				COPY_PHASE_STRIP = NO;
				DEBUG_INFORMATION_FORMAT = "dwarf-with-dsym";
				ENABLE_NS_ASSERTIONS = NO;
				ENABLE_STRICT_OBJC_MSGSEND = YES;
				GCC_C_LANGUAGE_STANDARD = gnu11;
				GCC_NO_COMMON_BLOCKS = YES;
				GCC_WARN_64_TO_32_BIT_CONVERSION = YES;
				GCC_WARN_ABOUT_RETURN_TYPE = YES_ERROR;
				GCC_WARN_UNDECLARED_SELECTOR = YES;
				GCC_WARN_UNINITIALIZED_AUTOS = YES_AGGRESSIVE;
				GCC_WARN_UNUSED_FUNCTION = YES;
				GCC_WARN_UNUSED_VARIABLE = YES;
				IPHONEOS_DEPLOYMENT_TARGET = 11.1;
				MTL_ENABLE_DEBUG_INFO = NO;
				SDKROOT = iphoneos;
				SWIFT_OPTIMIZATION_LEVEL = "-Owholemodule";
				VALIDATE_PRODUCT = YES;
			};
			name = Release;
		};
		6B2018D31FCA274D00CC297A /* Debug */ = {
			isa = XCBuildConfiguration;
			baseConfigurationReference = 1348BCBCB79FB9B07067FB0F /* Pods-MyCognitoTest.debug.xcconfig */;
			buildSettings = {
				ASSETCATALOG_COMPILER_APPICON_NAME = AppIcon;
				CODE_SIGN_STYLE = Automatic;
				INFOPLIST_FILE = MyCognitoTest/Info.plist;
				LD_RUNPATH_SEARCH_PATHS = "$(inherited) @executable_path/Frameworks";
				PRODUCT_BUNDLE_IDENTIFIER = JabberStorm.MyCognitoTest;
				PRODUCT_NAME = "$(TARGET_NAME)";
				SWIFT_VERSION = 4.0;
				TARGETED_DEVICE_FAMILY = "1,2";
			};
			name = Debug;
		};
		6B2018D41FCA274D00CC297A /* Release */ = {
			isa = XCBuildConfiguration;
			baseConfigurationReference = 1C71ED17EFD240042DAA10C1 /* Pods-MyCognitoTest.release.xcconfig */;
			buildSettings = {
				ASSETCATALOG_COMPILER_APPICON_NAME = AppIcon;
				CODE_SIGN_STYLE = Automatic;
				INFOPLIST_FILE = MyCognitoTest/Info.plist;
				LD_RUNPATH_SEARCH_PATHS = "$(inherited) @executable_path/Frameworks";
				PRODUCT_BUNDLE_IDENTIFIER = JabberStorm.MyCognitoTest;
				PRODUCT_NAME = "$(TARGET_NAME)";
				SWIFT_VERSION = 4.0;
				TARGETED_DEVICE_FAMILY = "1,2";
			};
			name = Release;
		};
		6B2018D61FCA274D00CC297A /* Debug */ = {
			isa = XCBuildConfiguration;
			baseConfigurationReference = 16D9755483445A9F99E67398 /* Pods-MyCognitoTestTests.debug.xcconfig */;
			buildSettings = {
				ALWAYS_EMBED_SWIFT_STANDARD_LIBRARIES = YES;
				BUNDLE_LOADER = "$(TEST_HOST)";
				CODE_SIGN_STYLE = Automatic;
				INFOPLIST_FILE = MyCognitoTestTests/Info.plist;
				LD_RUNPATH_SEARCH_PATHS = "$(inherited) @executable_path/Frameworks @loader_path/Frameworks";
				PRODUCT_BUNDLE_IDENTIFIER = JabberStorm.MyCognitoTestTests;
				PRODUCT_NAME = "$(TARGET_NAME)";
				SWIFT_VERSION = 4.0;
				TARGETED_DEVICE_FAMILY = "1,2";
				TEST_HOST = "$(BUILT_PRODUCTS_DIR)/MyCognitoTest.app/MyCognitoTest";
			};
			name = Debug;
		};
		6B2018D71FCA274D00CC297A /* Release */ = {
			isa = XCBuildConfiguration;
			baseConfigurationReference = C22E38DD2909FC645F8688FC /* Pods-MyCognitoTestTests.release.xcconfig */;
			buildSettings = {
				ALWAYS_EMBED_SWIFT_STANDARD_LIBRARIES = YES;
				BUNDLE_LOADER = "$(TEST_HOST)";
				CODE_SIGN_STYLE = Automatic;
				INFOPLIST_FILE = MyCognitoTestTests/Info.plist;
				LD_RUNPATH_SEARCH_PATHS = "$(inherited) @executable_path/Frameworks @loader_path/Frameworks";
				PRODUCT_BUNDLE_IDENTIFIER = JabberStorm.MyCognitoTestTests;
				PRODUCT_NAME = "$(TARGET_NAME)";
				SWIFT_VERSION = 4.0;
				TARGETED_DEVICE_FAMILY = "1,2";
				TEST_HOST = "$(BUILT_PRODUCTS_DIR)/MyCognitoTest.app/MyCognitoTest";
			};
			name = Release;
		};
		6B2018D91FCA274D00CC297A /* Debug */ = {
			isa = XCBuildConfiguration;
			baseConfigurationReference = EE3388BE135EB1F4AED94165 /* Pods-MyCognitoTestUITests.debug.xcconfig */;
			buildSettings = {
				ALWAYS_EMBED_SWIFT_STANDARD_LIBRARIES = YES;
				CODE_SIGN_STYLE = Automatic;
				INFOPLIST_FILE = MyCognitoTestUITests/Info.plist;
				LD_RUNPATH_SEARCH_PATHS = "$(inherited) @executable_path/Frameworks @loader_path/Frameworks";
				PRODUCT_BUNDLE_IDENTIFIER = JabberStorm.MyCognitoTestUITests;
				PRODUCT_NAME = "$(TARGET_NAME)";
				SWIFT_VERSION = 4.0;
				TARGETED_DEVICE_FAMILY = "1,2";
				TEST_TARGET_NAME = MyCognitoTest;
			};
			name = Debug;
		};
		6B2018DA1FCA274D00CC297A /* Release */ = {
			isa = XCBuildConfiguration;
			baseConfigurationReference = 9BB1B273D2E0B36F19A41370 /* Pods-MyCognitoTestUITests.release.xcconfig */;
			buildSettings = {
				ALWAYS_EMBED_SWIFT_STANDARD_LIBRARIES = YES;
				CODE_SIGN_STYLE = Automatic;
				INFOPLIST_FILE = MyCognitoTestUITests/Info.plist;
				LD_RUNPATH_SEARCH_PATHS = "$(inherited) @executable_path/Frameworks @loader_path/Frameworks";
				PRODUCT_BUNDLE_IDENTIFIER = JabberStorm.MyCognitoTestUITests;
				PRODUCT_NAME = "$(TARGET_NAME)";
				SWIFT_VERSION = 4.0;
				TARGETED_DEVICE_FAMILY = "1,2";
				TEST_TARGET_NAME = MyCognitoTest;
			};
			name = Release;
		};
/* End XCBuildConfiguration section */

/* Begin XCConfigurationList section */
		6B2018A51FCA274C00CC297A /* Build configuration list for PBXProject "MyCognitoTest" */ = {
			isa = XCConfigurationList;
			buildConfigurations = (
				6B2018D01FCA274D00CC297A /* Debug */,
				6B2018D11FCA274D00CC297A /* Release */,
			);
			defaultConfigurationIsVisible = 0;
			defaultConfigurationName = Release;
		};
		6B2018D21FCA274D00CC297A /* Build configuration list for PBXNativeTarget "MyCognitoTest" */ = {
			isa = XCConfigurationList;
			buildConfigurations = (
				6B2018D31FCA274D00CC297A /* Debug */,
				6B2018D41FCA274D00CC297A /* Release */,
			);
			defaultConfigurationIsVisible = 0;
			defaultConfigurationName = Release;
		};
		6B2018D51FCA274D00CC297A /* Build configuration list for PBXNativeTarget "MyCognitoTestTests" */ = {
			isa = XCConfigurationList;
			buildConfigurations = (
				6B2018D61FCA274D00CC297A /* Debug */,
				6B2018D71FCA274D00CC297A /* Release */,
			);
			defaultConfigurationIsVisible = 0;
			defaultConfigurationName = Release;
		};
		6B2018D81FCA274D00CC297A /* Build configuration list for PBXNativeTarget "MyCognitoTestUITests" */ = {
			isa = XCConfigurationList;
			buildConfigurations = (
				6B2018D91FCA274D00CC297A /* Debug */,
				6B2018DA1FCA274D00CC297A /* Release */,
			);
			defaultConfigurationIsVisible = 0;
			defaultConfigurationName = Release;
		};
/* End XCConfigurationList section */
	};
	rootObject = 6B2018A21FCA274C00CC297A /* Project object */;
}
